
Microsoft Visual Studio Solution File, Format Version 12.00
# Visual Studio Version 16
VisualStudioVersion = 16.0.809.1
MinimumVisualStudioVersion = 10.0.40219.1
Project("{FAE04EC0-301F-11D3-BF4B-00C04F79EFBC}") = "MoviesApi", "MoviesApi\MoviesApi.csproj", "{F5A9804B-857A-440F-A5D6-C10704A5FDAF}"
EndProject
Project("{E53339B2-1760-4266-BCC7-CA923CBCF16C}") = "docker-compose", "docker-compose.dcproj", "{F640FDDF-18CF-4D8F-8A61-90A45D3C7F8B}"
EndProject
Global
	GlobalSection(SolutionConfigurationPlatforms) = preSolution
		Debug|Any CPU = Debug|Any CPU
		Release|Any CPU = Release|Any CPU
	EndGlobalSection
	GlobalSection(ProjectConfigurationPlatforms) = postSolution
		{F5A9804B-857A-440F-A5D6-C10704A5FDAF}.Debug|Any CPU.ActiveCfg = Debug|Any CPU
		{F5A9804B-857A-440F-A5D6-C10704A5FDAF}.Debug|Any CPU.Build.0 = Debug|Any CPU
		{F5A9804B-857A-440F-A5D6-C10704A5FDAF}.Release|Any CPU.ActiveCfg = Release|Any CPU
		{F5A9804B-857A-440F-A5D6-C10704A5FDAF}.Release|Any CPU.Build.0 = Release|Any CPU
		{F640FDDF-18CF-4D8F-8A61-90A45D3C7F8B}.Debug|Any CPU.ActiveCfg = Debug|Any CPU
		{F640FDDF-18CF-4D8F-8A61-90A45D3C7F8B}.Debug|Any CPU.Build.0 = Debug|Any CPU
		{F640FDDF-18CF-4D8F-8A61-90A45D3C7F8B}.Release|Any CPU.ActiveCfg = Release|Any CPU
		{F640FDDF-18CF-4D8F-8A61-90A45D3C7F8B}.Release|Any CPU.Build.0 = Release|Any CPU
	EndGlobalSection
	GlobalSection(SolutionProperties) = preSolution
		HideSolutionNode = FALSE
	EndGlobalSection
	GlobalSection(ExtensibilityGlobals) = postSolution
		SolutionGuid = {CA11A13B-510B-4EF3-850E-4E81F260AAD4}
	EndGlobalSection
EndGlobal
